
Microsoft Visual Studio Solution File, Format Version 12.00
# Visual Studio Version 16
VisualStudioVersion = 16.0.31005.135
MinimumVisualStudioVersion = 10.0.40219.1
Project("{FAE04EC0-301F-11D3-BF4B-00C04F79EFBC}") = "AchievementsSystem.PL", "AchivmentsSystem\AchievementsSystem.PL.csproj", "{7F2FE93B-249B-4909-ABEA-DE069DC801FE}"
EndProject
Project("{FAE04EC0-301F-11D3-BF4B-00C04F79EFBC}") = "AS.BLL", "AS.BLL\AS.BLL.csproj", "{315C4806-017B-4F7A-9AE5-45DAA295531F}"
EndProject
Project("{FAE04EC0-301F-11D3-BF4B-00C04F79EFBC}") = "AS.DAL", "AS.DAL\AS.DAL.csproj", "{46FB0584-E8D4-4499-B1C0-28FE5A03B4F7}"
EndProject
Project("{FAE04EC0-301F-11D3-BF4B-00C04F79EFBC}") = "AS.Entities", "AS.Entities\AS.Entities.csproj", "{DFCF1F73-75B5-4AF9-A4E0-AA925C6DC582}"
EndProject
Project("{FAE04EC0-301F-11D3-BF4B-00C04F79EFBC}") = "AS.DAL. Interface", "AS.DAL. Interface\AS.DAL. Interface.csproj", "{EBE0CDD9-DA36-457D-A9E9-376B772C69A5}"
EndProject
Project("{FAE04EC0-301F-11D3-BF4B-00C04F79EFBC}") = "AS.BLL.Interface", "AS.BLL.Interface\AS.BLL.Interface.csproj", "{DA656124-CAC3-4304-BAAA-93DEC893B4D4}"
EndProject
Project("{2150E333-8FDC-42A3-9474-1A3956D46DE8}") = "PL", "PL", "{915D195C-5D7B-499C-8DBC-4A44676D946E}"
EndProject
Project("{2150E333-8FDC-42A3-9474-1A3956D46DE8}") = "BLL", "BLL", "{4B5C166D-5FB7-4BDE-B182-45737C2DE867}"
EndProject
Project("{2150E333-8FDC-42A3-9474-1A3956D46DE8}") = "DAL", "DAL", "{CCFB7E12-27B8-454B-AECC-80711D8BE261}"
EndProject
Project("{2150E333-8FDC-42A3-9474-1A3956D46DE8}") = "Common", "Common", "{DF665D2F-A918-4AEA-8053-AA2210E79341}"
EndProject
Project("{FAE04EC0-301F-11D3-BF4B-00C04F79EFBC}") = "AS.Dependencies", "AS.Dependencies\AS.Dependencies.csproj", "{8A36EA28-5A4C-4527-8997-E2CD22CCDD77}"
EndProject
Global
	GlobalSection(SolutionConfigurationPlatforms) = preSolution
		Debug|Any CPU = Debug|Any CPU
		Release|Any CPU = Release|Any CPU
	EndGlobalSection
	GlobalSection(ProjectConfigurationPlatforms) = postSolution
		{7F2FE93B-249B-4909-ABEA-DE069DC801FE}.Debug|Any CPU.ActiveCfg = Debug|Any CPU
		{7F2FE93B-249B-4909-ABEA-DE069DC801FE}.Debug|Any CPU.Build.0 = Debug|Any CPU
		{7F2FE93B-249B-4909-ABEA-DE069DC801FE}.Release|Any CPU.ActiveCfg = Release|Any CPU
		{7F2FE93B-249B-4909-ABEA-DE069DC801FE}.Release|Any CPU.Build.0 = Release|Any CPU
		{315C4806-017B-4F7A-9AE5-45DAA295531F}.Debug|Any CPU.ActiveCfg = Debug|Any CPU
		{315C4806-017B-4F7A-9AE5-45DAA295531F}.Debug|Any CPU.Build.0 = Debug|Any CPU
		{315C4806-017B-4F7A-9AE5-45DAA295531F}.Release|Any CPU.ActiveCfg = Release|Any CPU
		{315C4806-017B-4F7A-9AE5-45DAA295531F}.Release|Any CPU.Build.0 = Release|Any CPU
		{46FB0584-E8D4-4499-B1C0-28FE5A03B4F7}.Debug|Any CPU.ActiveCfg = Debug|Any CPU
		{46FB0584-E8D4-4499-B1C0-28FE5A03B4F7}.Debug|Any CPU.Build.0 = Debug|Any CPU
		{46FB0584-E8D4-4499-B1C0-28FE5A03B4F7}.Release|Any CPU.ActiveCfg = Release|Any CPU
		{46FB0584-E8D4-4499-B1C0-28FE5A03B4F7}.Release|Any CPU.Build.0 = Release|Any CPU
		{DFCF1F73-75B5-4AF9-A4E0-AA925C6DC582}.Debug|Any CPU.ActiveCfg = Debug|Any CPU
		{DFCF1F73-75B5-4AF9-A4E0-AA925C6DC582}.Debug|Any CPU.Build.0 = Debug|Any CPU
		{DFCF1F73-75B5-4AF9-A4E0-AA925C6DC582}.Release|Any CPU.ActiveCfg = Release|Any CPU
		{DFCF1F73-75B5-4AF9-A4E0-AA925C6DC582}.Release|Any CPU.Build.0 = Release|Any CPU
		{EBE0CDD9-DA36-457D-A9E9-376B772C69A5}.Debug|Any CPU.ActiveCfg = Debug|Any CPU
		{EBE0CDD9-DA36-457D-A9E9-376B772C69A5}.Debug|Any CPU.Build.0 = Debug|Any CPU
		{EBE0CDD9-DA36-457D-A9E9-376B772C69A5}.Release|Any CPU.ActiveCfg = Release|Any CPU
		{EBE0CDD9-DA36-457D-A9E9-376B772C69A5}.Release|Any CPU.Build.0 = Release|Any CPU
		{DA656124-CAC3-4304-BAAA-93DEC893B4D4}.Debug|Any CPU.ActiveCfg = Debug|Any CPU
		{DA656124-CAC3-4304-BAAA-93DEC893B4D4}.Debug|Any CPU.Build.0 = Debug|Any CPU
		{DA656124-CAC3-4304-BAAA-93DEC893B4D4}.Release|Any CPU.ActiveCfg = Release|Any CPU
		{DA656124-CAC3-4304-BAAA-93DEC893B4D4}.Release|Any CPU.Build.0 = Release|Any CPU
		{8A36EA28-5A4C-4527-8997-E2CD22CCDD77}.Debug|Any CPU.ActiveCfg = Debug|Any CPU
		{8A36EA28-5A4C-4527-8997-E2CD22CCDD77}.Debug|Any CPU.Build.0 = Debug|Any CPU
		{8A36EA28-5A4C-4527-8997-E2CD22CCDD77}.Release|Any CPU.ActiveCfg = Release|Any CPU
		{8A36EA28-5A4C-4527-8997-E2CD22CCDD77}.Release|Any CPU.Build.0 = Release|Any CPU
	EndGlobalSection
	GlobalSection(SolutionProperties) = preSolution
		HideSolutionNode = FALSE
	EndGlobalSection
	GlobalSection(NestedProjects) = preSolution
		{7F2FE93B-249B-4909-ABEA-DE069DC801FE} = {915D195C-5D7B-499C-8DBC-4A44676D946E}
		{315C4806-017B-4F7A-9AE5-45DAA295531F} = {4B5C166D-5FB7-4BDE-B182-45737C2DE867}
		{46FB0584-E8D4-4499-B1C0-28FE5A03B4F7} = {CCFB7E12-27B8-454B-AECC-80711D8BE261}
		{DFCF1F73-75B5-4AF9-A4E0-AA925C6DC582} = {DF665D2F-A918-4AEA-8053-AA2210E79341}
		{EBE0CDD9-DA36-457D-A9E9-376B772C69A5} = {CCFB7E12-27B8-454B-AECC-80711D8BE261}
		{DA656124-CAC3-4304-BAAA-93DEC893B4D4} = {4B5C166D-5FB7-4BDE-B182-45737C2DE867}
		{8A36EA28-5A4C-4527-8997-E2CD22CCDD77} = {DF665D2F-A918-4AEA-8053-AA2210E79341}
	EndGlobalSection
	GlobalSection(ExtensibilityGlobals) = postSolution
		SolutionGuid = {6D226A0E-3BBA-4C21-9720-E6C7DE65992D}
	EndGlobalSection
EndGlobal
